
Microsoft Visual Studio Solution File, Format Version 12.00
# Visual Studio Version 17
VisualStudioVersion = 17.0.32126.317
MinimumVisualStudioVersion = 10.0.40219.1
Project("{9A19103F-16F7-4668-BE54-9A1E7A4F7556}") = "WebPolls.Server", "WebPolls\Server\WebPolls.Server.csproj", "{B901BFBD-1240-4870-8E34-8D978594450C}"
EndProject
Project("{9A19103F-16F7-4668-BE54-9A1E7A4F7556}") = "WebPolls.Client", "WebPolls\Client\WebPolls.Client.csproj", "{951C9128-D9FE-4C24-B8DB-8AF21F20CD44}"
EndProject
Project("{FAE04EC0-301F-11D3-BF4B-00C04F79EFBC}") = "Profile.Shared", "Profile.Shared\Profile.Shared.csproj", "{3EDEA492-A976-4812-992D-DDF96123CDAE}"
EndProject
Project("{FAE04EC0-301F-11D3-BF4B-00C04F79EFBC}") = "Settings.Shared", "Settings.Shared\Settings.Shared.csproj", "{2320F896-CED3-489C-8405-E71326C8D2AF}"
EndProject
Global
	GlobalSection(SolutionConfigurationPlatforms) = preSolution
		Debug|Any CPU = Debug|Any CPU
		Release|Any CPU = Release|Any CPU
	EndGlobalSection
	GlobalSection(ProjectConfigurationPlatforms) = postSolution
		{B901BFBD-1240-4870-8E34-8D978594450C}.Debug|Any CPU.ActiveCfg = Debug|Any CPU
		{B901BFBD-1240-4870-8E34-8D978594450C}.Debug|Any CPU.Build.0 = Debug|Any CPU
		{B901BFBD-1240-4870-8E34-8D978594450C}.Release|Any CPU.ActiveCfg = Release|Any CPU
		{B901BFBD-1240-4870-8E34-8D978594450C}.Release|Any CPU.Build.0 = Release|Any CPU
		{951C9128-D9FE-4C24-B8DB-8AF21F20CD44}.Debug|Any CPU.ActiveCfg = Debug|Any CPU
		{951C9128-D9FE-4C24-B8DB-8AF21F20CD44}.Debug|Any CPU.Build.0 = Debug|Any CPU
		{951C9128-D9FE-4C24-B8DB-8AF21F20CD44}.Release|Any CPU.ActiveCfg = Release|Any CPU
		{951C9128-D9FE-4C24-B8DB-8AF21F20CD44}.Release|Any CPU.Build.0 = Release|Any CPU
		{3EDEA492-A976-4812-992D-DDF96123CDAE}.Debug|Any CPU.ActiveCfg = Debug|Any CPU
		{3EDEA492-A976-4812-992D-DDF96123CDAE}.Debug|Any CPU.Build.0 = Debug|Any CPU
		{3EDEA492-A976-4812-992D-DDF96123CDAE}.Release|Any CPU.ActiveCfg = Release|Any CPU
		{3EDEA492-A976-4812-992D-DDF96123CDAE}.Release|Any CPU.Build.0 = Release|Any CPU
		{2320F896-CED3-489C-8405-E71326C8D2AF}.Debug|Any CPU.ActiveCfg = Debug|Any CPU
		{2320F896-CED3-489C-8405-E71326C8D2AF}.Debug|Any CPU.Build.0 = Debug|Any CPU
		{2320F896-CED3-489C-8405-E71326C8D2AF}.Release|Any CPU.ActiveCfg = Release|Any CPU
		{2320F896-CED3-489C-8405-E71326C8D2AF}.Release|Any CPU.Build.0 = Release|Any CPU
	EndGlobalSection
	GlobalSection(SolutionProperties) = preSolution
		HideSolutionNode = FALSE
	EndGlobalSection
	GlobalSection(ExtensibilityGlobals) = postSolution
		SolutionGuid = {7840F569-C411-4174-90B2-D139DB314F6F}
	EndGlobalSection
EndGlobal
